
Microsoft Visual Studio Solution File, Format Version 12.00
# Visual Studio Version 17
VisualStudioVersion = 17.0.31903.59
MinimumVisualStudioVersion = 10.0.40219.1
Project("{FAE04EC0-301F-11D3-BF4B-00C04F79EFBC}") = "MyFirstApp", "MyFirstApp\MyFirstApp.csproj", "{881E1AE7-51FF-43AA-B979-DEFD8ABBCB8A}"
EndProject
Project("{FAE04EC0-301F-11D3-BF4B-00C04F79EFBC}") = "MyFirstApp2", "MyFirstApp2\MyFirstApp2.csproj", "{5766D734-0AB8-4A37-A539-9F26FB1D5918}"
EndProject
Global
	GlobalSection(SolutionConfigurationPlatforms) = preSolution
		Debug|Any CPU = Debug|Any CPU
		Release|Any CPU = Release|Any CPU
	EndGlobalSection
	GlobalSection(ProjectConfigurationPlatforms) = postSolution
		{881E1AE7-51FF-43AA-B979-DEFD8ABBCB8A}.Debug|Any CPU.ActiveCfg = Debug|Any CPU
		{881E1AE7-51FF-43AA-B979-DEFD8ABBCB8A}.Debug|Any CPU.Build.0 = Debug|Any CPU
		{881E1AE7-51FF-43AA-B979-DEFD8ABBCB8A}.Release|Any CPU.ActiveCfg = Release|Any CPU
		{881E1AE7-51FF-43AA-B979-DEFD8ABBCB8A}.Release|Any CPU.Build.0 = Release|Any CPU
		{5766D734-0AB8-4A37-A539-9F26FB1D5918}.Debug|Any CPU.ActiveCfg = Debug|Any CPU
		{5766D734-0AB8-4A37-A539-9F26FB1D5918}.Debug|Any CPU.Build.0 = Debug|Any CPU
		{5766D734-0AB8-4A37-A539-9F26FB1D5918}.Release|Any CPU.ActiveCfg = Release|Any CPU
		{5766D734-0AB8-4A37-A539-9F26FB1D5918}.Release|Any CPU.Build.0 = Release|Any CPU
	EndGlobalSection
	GlobalSection(SolutionProperties) = preSolution
		HideSolutionNode = FALSE
	EndGlobalSection
	GlobalSection(ExtensibilityGlobals) = postSolution
		SolutionGuid = {840E4859-4CDE-4B99-828D-880C4DCE46F3}
	EndGlobalSection
EndGlobal
